// !$*UTF8*$!
{
	archiveVersion = 1;
	classes = {
	};
	objectVersion = 50;
	objects = {

/* Begin PBXBuildFile section */
		2C2CF70024B80A460072BCED /* Array+Identifiable.swift in Sources */ = {isa = PBXBuildFile; fileRef = 2C2CF6FF24B80A460072BCED /* Array+Identifiable.swift */; };
		2CEB09B924ABFEC90069F4D9 /* AppDelegate.swift in Sources */ = {isa = PBXBuildFile; fileRef = 2CEB09B824ABFEC90069F4D9 /* AppDelegate.swift */; };
		2CEB09BB24ABFEC90069F4D9 /* SceneDelegate.swift in Sources */ = {isa = PBXBuildFile; fileRef = 2CEB09BA24ABFEC90069F4D9 /* SceneDelegate.swift */; };
		2CEB09BE24ABFEC90069F4D9 /* Memorize.xcdatamodeld in Sources */ = {isa = PBXBuildFile; fileRef = 2CEB09BC24ABFEC90069F4D9 /* Memorize.xcdatamodeld */; };
		2CEB09C024ABFEC90069F4D9 /* ContentView.swift in Sources */ = {isa = PBXBuildFile; fileRef = 2CEB09BF24ABFEC90069F4D9 /* ContentView.swift */; };
		2CEB09C224ABFECC0069F4D9 /* Assets.xcassets in Resources */ = {isa = PBXBuildFile; fileRef = 2CEB09C124ABFECC0069F4D9 /* Assets.xcassets */; };
		2CEB09C524ABFECC0069F4D9 /* Preview Assets.xcassets in Resources */ = {isa = PBXBuildFile; fileRef = 2CEB09C424ABFECC0069F4D9 /* Preview Assets.xcassets */; };
		2CEB09C824ABFECC0069F4D9 /* LaunchScreen.storyboard in Resources */ = {isa = PBXBuildFile; fileRef = 2CEB09C624ABFECC0069F4D9 /* LaunchScreen.storyboard */; };
		2CEB09D324ABFECC0069F4D9 /* MemorizeTests.swift in Sources */ = {isa = PBXBuildFile; fileRef = 2CEB09D224ABFECC0069F4D9 /* MemorizeTests.swift */; };
		2CEB09DE24ABFECC0069F4D9 /* MemorizeUITests.swift in Sources */ = {isa = PBXBuildFile; fileRef = 2CEB09DD24ABFECC0069F4D9 /* MemorizeUITests.swift */; };
		2CEB09F024AD70D40069F4D9 /* EmojiMemoryGame.swift in Sources */ = {isa = PBXBuildFile; fileRef = 2CEB09EF24AD70D40069F4D9 /* EmojiMemoryGame.swift */; };
		2CEB09F424AE08CD0069F4D9 /* MemoryGame.swift in Sources */ = {isa = PBXBuildFile; fileRef = 2CEB09F324AE08CD0069F4D9 /* MemoryGame.swift */; };
		2CEB09F524AE08CD0069F4D9 /* MemoryGame.swift in Sources */ = {isa = PBXBuildFile; fileRef = 2CEB09F324AE08CD0069F4D9 /* MemoryGame.swift */; };
		2CEB09F624AE08CD0069F4D9 /* MemoryGame.swift in Sources */ = {isa = PBXBuildFile; fileRef = 2CEB09F324AE08CD0069F4D9 /* MemoryGame.swift */; };
/* End PBXBuildFile section */

/* Begin PBXContainerItemProxy section */
		2CEB09CF24ABFECC0069F4D9 /* PBXContainerItemProxy */ = {
			isa = PBXContainerItemProxy;
			containerPortal = 2CEB09AD24ABFEC90069F4D9 /* Project object */;
			proxyType = 1;
			remoteGlobalIDString = 2CEB09B424ABFEC90069F4D9;
			remoteInfo = Memorize;
		};
		2CEB09DA24ABFECC0069F4D9 /* PBXContainerItemProxy */ = {
			isa = PBXContainerItemProxy;
			containerPortal = 2CEB09AD24ABFEC90069F4D9 /* Project object */;
			proxyType = 1;
			remoteGlobalIDString = 2CEB09B424ABFEC90069F4D9;
			remoteInfo = Memorize;
		};
/* End PBXContainerItemProxy section */

/* Begin PBXFileReference section */
		2C2CF6FF24B80A460072BCED /* Array+Identifiable.swift */ = {isa = PBXFileReference; lastKnownFileType = sourcecode.swift; path = "Array+Identifiable.swift"; sourceTree = "<group>"; };
		2CEB09B524ABFEC90069F4D9 /* Memorize.app */ = {isa = PBXFileReference; explicitFileType = wrapper.application; includeInIndex = 0; path = Memorize.app; sourceTree = BUILT_PRODUCTS_DIR; };
		2CEB09B824ABFEC90069F4D9 /* AppDelegate.swift */ = {isa = PBXFileReference; lastKnownFileType = sourcecode.swift; path = AppDelegate.swift; sourceTree = "<group>"; };
		2CEB09BA24ABFEC90069F4D9 /* SceneDelegate.swift */ = {isa = PBXFileReference; lastKnownFileType = sourcecode.swift; path = SceneDelegate.swift; sourceTree = "<group>"; };
		2CEB09BD24ABFEC90069F4D9 /* Memorize.xcdatamodel */ = {isa = PBXFileReference; lastKnownFileType = wrapper.xcdatamodel; path = Memorize.xcdatamodel; sourceTree = "<group>"; };
		2CEB09BF24ABFEC90069F4D9 /* ContentView.swift */ = {isa = PBXFileReference; lastKnownFileType = sourcecode.swift; path = ContentView.swift; sourceTree = "<group>"; };
		2CEB09C124ABFECC0069F4D9 /* Assets.xcassets */ = {isa = PBXFileReference; lastKnownFileType = folder.assetcatalog; path = Assets.xcassets; sourceTree = "<group>"; };
		2CEB09C424ABFECC0069F4D9 /* Preview Assets.xcassets */ = {isa = PBXFileReference; lastKnownFileType = folder.assetcatalog; path = "Preview Assets.xcassets"; sourceTree = "<group>"; };
		2CEB09C724ABFECC0069F4D9 /* Base */ = {isa = PBXFileReference; lastKnownFileType = file.storyboard; name = Base; path = Base.lproj/LaunchScreen.storyboard; sourceTree = "<group>"; };
		2CEB09C924ABFECC0069F4D9 /* Info.plist */ = {isa = PBXFileReference; lastKnownFileType = text.plist.xml; path = Info.plist; sourceTree = "<group>"; };
		2CEB09CE24ABFECC0069F4D9 /* MemorizeTests.xctest */ = {isa = PBXFileReference; explicitFileType = wrapper.cfbundle; includeInIndex = 0; path = MemorizeTests.xctest; sourceTree = BUILT_PRODUCTS_DIR; };
		2CEB09D224ABFECC0069F4D9 /* MemorizeTests.swift */ = {isa = PBXFileReference; lastKnownFileType = sourcecode.swift; path = MemorizeTests.swift; sourceTree = "<group>"; };
		2CEB09D424ABFECC0069F4D9 /* Info.plist */ = {isa = PBXFileReference; lastKnownFileType = text.plist.xml; path = Info.plist; sourceTree = "<group>"; };
		2CEB09D924ABFECC0069F4D9 /* MemorizeUITests.xctest */ = {isa = PBXFileReference; explicitFileType = wrapper.cfbundle; includeInIndex = 0; path = MemorizeUITests.xctest; sourceTree = BUILT_PRODUCTS_DIR; };
		2CEB09DD24ABFECC0069F4D9 /* MemorizeUITests.swift */ = {isa = PBXFileReference; lastKnownFileType = sourcecode.swift; path = MemorizeUITests.swift; sourceTree = "<group>"; };
		2CEB09DF24ABFECC0069F4D9 /* Info.plist */ = {isa = PBXFileReference; lastKnownFileType = text.plist.xml; path = Info.plist; sourceTree = "<group>"; };
		2CEB09EF24AD70D40069F4D9 /* EmojiMemoryGame.swift */ = {isa = PBXFileReference; lastKnownFileType = sourcecode.swift; path = EmojiMemoryGame.swift; sourceTree = "<group>"; };
		2CEB09F324AE08CD0069F4D9 /* MemoryGame.swift */ = {isa = PBXFileReference; fileEncoding = 4; lastKnownFileType = sourcecode.swift; path = MemoryGame.swift; sourceTree = "<group>"; };
/* End PBXFileReference section */

/* Begin PBXFrameworksBuildPhase section */
		2CEB09B224ABFEC90069F4D9 /* Frameworks */ = {
			isa = PBXFrameworksBuildPhase;
			buildActionMask = 2147483647;
			files = (
			);
			runOnlyForDeploymentPostprocessing = 0;
		};
		2CEB09CB24ABFECC0069F4D9 /* Frameworks */ = {
			isa = PBXFrameworksBuildPhase;
			buildActionMask = 2147483647;
			files = (
			);
			runOnlyForDeploymentPostprocessing = 0;
		};
		2CEB09D624ABFECC0069F4D9 /* Frameworks */ = {
			isa = PBXFrameworksBuildPhase;
			buildActionMask = 2147483647;
			files = (
			);
			runOnlyForDeploymentPostprocessing = 0;
		};
/* End PBXFrameworksBuildPhase section */

/* Begin PBXGroup section */
		2CEB09AC24ABFEC90069F4D9 = {
			isa = PBXGroup;
			children = (
				2CEB09B724ABFEC90069F4D9 /* Memorize */,
				2CEB09D124ABFECC0069F4D9 /* MemorizeTests */,
				2CEB09DC24ABFECC0069F4D9 /* MemorizeUITests */,
				2CEB09B624ABFEC90069F4D9 /* Products */,
			);
			sourceTree = "<group>";
		};
		2CEB09B624ABFEC90069F4D9 /* Products */ = {
			isa = PBXGroup;
			children = (
				2CEB09B524ABFEC90069F4D9 /* Memorize.app */,
				2CEB09CE24ABFECC0069F4D9 /* MemorizeTests.xctest */,
				2CEB09D924ABFECC0069F4D9 /* MemorizeUITests.xctest */,
			);
			name = Products;
			sourceTree = "<group>";
		};
		2CEB09B724ABFEC90069F4D9 /* Memorize */ = {
			isa = PBXGroup;
			children = (
				2CEB09F324AE08CD0069F4D9 /* MemoryGame.swift */,
				2CEB09B824ABFEC90069F4D9 /* AppDelegate.swift */,
				2CEB09BA24ABFEC90069F4D9 /* SceneDelegate.swift */,
				2CEB09BF24ABFEC90069F4D9 /* ContentView.swift */,
				2CEB09C124ABFECC0069F4D9 /* Assets.xcassets */,
				2CEB09C624ABFECC0069F4D9 /* LaunchScreen.storyboard */,
				2CEB09C924ABFECC0069F4D9 /* Info.plist */,
				2CEB09BC24ABFEC90069F4D9 /* Memorize.xcdatamodeld */,
				2CEB09C324ABFECC0069F4D9 /* Preview Content */,
				2CEB09EF24AD70D40069F4D9 /* EmojiMemoryGame.swift */,
				2C2CF6FF24B80A460072BCED /* Array+Identifiable.swift */,
			);
			path = Memorize;
			sourceTree = "<group>";
		};
		2CEB09C324ABFECC0069F4D9 /* Preview Content */ = {
			isa = PBXGroup;
			children = (
				2CEB09C424ABFECC0069F4D9 /* Preview Assets.xcassets */,
			);
			path = "Preview Content";
			sourceTree = "<group>";
		};
		2CEB09D124ABFECC0069F4D9 /* MemorizeTests */ = {
			isa = PBXGroup;
			children = (
				2CEB09D224ABFECC0069F4D9 /* MemorizeTests.swift */,
				2CEB09D424ABFECC0069F4D9 /* Info.plist */,
			);
			path = MemorizeTests;
			sourceTree = "<group>";
		};
		2CEB09DC24ABFECC0069F4D9 /* MemorizeUITests */ = {
			isa = PBXGroup;
			children = (
				2CEB09DD24ABFECC0069F4D9 /* MemorizeUITests.swift */,
				2CEB09DF24ABFECC0069F4D9 /* Info.plist */,
			);
			path = MemorizeUITests;
			sourceTree = "<group>";
		};
/* End PBXGroup section */

/* Begin PBXNativeTarget section */
		2CEB09B424ABFEC90069F4D9 /* Memorize */ = {
			isa = PBXNativeTarget;
			buildConfigurationList = 2CEB09E224ABFECC0069F4D9 /* Build configuration list for PBXNativeTarget "Memorize" */;
			buildPhases = (
				2CEB09B124ABFEC90069F4D9 /* Sources */,
				2CEB09B224ABFEC90069F4D9 /* Frameworks */,
				2CEB09B324ABFEC90069F4D9 /* Resources */,
			);
			buildRules = (
			);
			dependencies = (
			);
			name = Memorize;
			productName = Memorize;
			productReference = 2CEB09B524ABFEC90069F4D9 /* Memorize.app */;
			productType = "com.apple.product-type.application";
		};
		2CEB09CD24ABFECC0069F4D9 /* MemorizeTests */ = {
			isa = PBXNativeTarget;
			buildConfigurationList = 2CEB09E524ABFECC0069F4D9 /* Build configuration list for PBXNativeTarget "MemorizeTests" */;
			buildPhases = (
				2CEB09CA24ABFECC0069F4D9 /* Sources */,
				2CEB09CB24ABFECC0069F4D9 /* Frameworks */,
				2CEB09CC24ABFECC0069F4D9 /* Resources */,
			);
			buildRules = (
			);
			dependencies = (
				2CEB09D024ABFECC0069F4D9 /* PBXTargetDependency */,
			);
			name = MemorizeTests;
			productName = MemorizeTests;
			productReference = 2CEB09CE24ABFECC0069F4D9 /* MemorizeTests.xctest */;
			productType = "com.apple.product-type.bundle.unit-test";
		};
		2CEB09D824ABFECC0069F4D9 /* MemorizeUITests */ = {
			isa = PBXNativeTarget;
			buildConfigurationList = 2CEB09E824ABFECC0069F4D9 /* Build configuration list for PBXNativeTarget "MemorizeUITests" */;
			buildPhases = (
				2CEB09D524ABFECC0069F4D9 /* Sources */,
				2CEB09D624ABFECC0069F4D9 /* Frameworks */,
				2CEB09D724ABFECC0069F4D9 /* Resources */,
			);
			buildRules = (
			);
			dependencies = (
				2CEB09DB24ABFECC0069F4D9 /* PBXTargetDependency */,
			);
			name = MemorizeUITests;
			productName = MemorizeUITests;
			productReference = 2CEB09D924ABFECC0069F4D9 /* MemorizeUITests.xctest */;
			productType = "com.apple.product-type.bundle.ui-testing";
		};
/* End PBXNativeTarget section */

/* Begin PBXProject section */
		2CEB09AD24ABFEC90069F4D9 /* Project object */ = {
			isa = PBXProject;
			attributes = {
				LastSwiftUpdateCheck = 1150;
				LastUpgradeCheck = 1150;
				ORGANIZATIONNAME = "Marcus Adriano";
				TargetAttributes = {
					2CEB09B424ABFEC90069F4D9 = {
						CreatedOnToolsVersion = 11.5;
					};
					2CEB09CD24ABFECC0069F4D9 = {
						CreatedOnToolsVersion = 11.5;
						TestTargetID = 2CEB09B424ABFEC90069F4D9;
					};
					2CEB09D824ABFECC0069F4D9 = {
						CreatedOnToolsVersion = 11.5;
						TestTargetID = 2CEB09B424ABFEC90069F4D9;
					};
				};
			};
			buildConfigurationList = 2CEB09B024ABFEC90069F4D9 /* Build configuration list for PBXProject "Memorize" */;
			compatibilityVersion = "Xcode 9.3";
			developmentRegion = en;
			hasScannedForEncodings = 0;
			knownRegions = (
				en,
				Base,
			);
			mainGroup = 2CEB09AC24ABFEC90069F4D9;
			productRefGroup = 2CEB09B624ABFEC90069F4D9 /* Products */;
			projectDirPath = "";
			projectRoot = "";
			targets = (
				2CEB09B424ABFEC90069F4D9 /* Memorize */,
				2CEB09CD24ABFECC0069F4D9 /* MemorizeTests */,
				2CEB09D824ABFECC0069F4D9 /* MemorizeUITests */,
			);
		};
/* End PBXProject section */

/* Begin PBXResourcesBuildPhase section */
		2CEB09B324ABFEC90069F4D9 /* Resources */ = {
			isa = PBXResourcesBuildPhase;
			buildActionMask = 2147483647;
			files = (
				2CEB09C824ABFECC0069F4D9 /* LaunchScreen.storyboard in Resources */,
				2CEB09C524ABFECC0069F4D9 /* Preview Assets.xcassets in Resources */,
				2CEB09C224ABFECC0069F4D9 /* Assets.xcassets in Resources */,
			);
			runOnlyForDeploymentPostprocessing = 0;
		};
		2CEB09CC24ABFECC0069F4D9 /* Resources */ = {
			isa = PBXResourcesBuildPhase;
			buildActionMask = 2147483647;
			files = (
			);
			runOnlyForDeploymentPostprocessing = 0;
		};
		2CEB09D724ABFECC0069F4D9 /* Resources */ = {
			isa = PBXResourcesBuildPhase;
			buildActionMask = 2147483647;
			files = (
			);
			runOnlyForDeploymentPostprocessing = 0;
		};
/* End PBXResourcesBuildPhase section */

/* Begin PBXSourcesBuildPhase section */
		2CEB09B124ABFEC90069F4D9 /* Sources */ = {
			isa = PBXSourcesBuildPhase;
			buildActionMask = 2147483647;
			files = (
				2CEB09F424AE08CD0069F4D9 /* MemoryGame.swift in Sources */,
				2CEB09BE24ABFEC90069F4D9 /* Memorize.xcdatamodeld in Sources */,
				2CEB09B924ABFEC90069F4D9 /* AppDelegate.swift in Sources */,
				2CEB09C024ABFEC90069F4D9 /* ContentView.swift in Sources */,
				2CEB09BB24ABFEC90069F4D9 /* SceneDelegate.swift in Sources */,
				2C2CF70024B80A460072BCED /* Array+Identifiable.swift in Sources */,
				2CEB09F024AD70D40069F4D9 /* EmojiMemoryGame.swift in Sources */,
			);
			runOnlyForDeploymentPostprocessing = 0;
		};
		2CEB09CA24ABFECC0069F4D9 /* Sources */ = {
			isa = PBXSourcesBuildPhase;
			buildActionMask = 2147483647;
			files = (
				2CEB09F524AE08CD0069F4D9 /* MemoryGame.swift in Sources */,
				2CEB09D324ABFECC0069F4D9 /* MemorizeTests.swift in Sources */,
			);
			runOnlyForDeploymentPostprocessing = 0;
		};
		2CEB09D524ABFECC0069F4D9 /* Sources */ = {
			isa = PBXSourcesBuildPhase;
			buildActionMask = 2147483647;
			files = (
				2CEB09F624AE08CD0069F4D9 /* MemoryGame.swift in Sources */,
				2CEB09DE24ABFECC0069F4D9 /* MemorizeUITests.swift in Sources */,
			);
			runOnlyForDeploymentPostprocessing = 0;
		};
/* End PBXSourcesBuildPhase section */

/* Begin PBXTargetDependency section */
		2CEB09D024ABFECC0069F4D9 /* PBXTargetDependency */ = {
			isa = PBXTargetDependency;
			target = 2CEB09B424ABFEC90069F4D9 /* Memorize */;
			targetProxy = 2CEB09CF24ABFECC0069F4D9 /* PBXContainerItemProxy */;
		};
		2CEB09DB24ABFECC0069F4D9 /* PBXTargetDependency */ = {
			isa = PBXTargetDependency;
			target = 2CEB09B424ABFEC90069F4D9 /* Memorize */;
			targetProxy = 2CEB09DA24ABFECC0069F4D9 /* PBXContainerItemProxy */;
		};
/* End PBXTargetDependency section */

/* Begin PBXVariantGroup section */
		2CEB09C624ABFECC0069F4D9 /* LaunchScreen.storyboard */ = {
			isa = PBXVariantGroup;
			children = (
				2CEB09C724ABFECC0069F4D9 /* Base */,
			);
			name = LaunchScreen.storyboard;
			sourceTree = "<group>";
		};
/* End PBXVariantGroup section */

/* Begin XCBuildConfiguration section */
		2CEB09E024ABFECC0069F4D9 /* Debug */ = {
			isa = XCBuildConfiguration;
			buildSettings = {
				ALWAYS_SEARCH_USER_PATHS = NO;
				CLANG_ANALYZER_NONNULL = YES;
				CLANG_ANALYZER_NUMBER_OBJECT_CONVERSION = YES_AGGRESSIVE;
				CLANG_CXX_LANGUAGE_STANDARD = "gnu++14";
				CLANG_CXX_LIBRARY = "libc++";
				CLANG_ENABLE_MODULES = YES;
				CLANG_ENABLE_OBJC_ARC = YES;
				CLANG_ENABLE_OBJC_WEAK = YES;
				CLANG_WARN_BLOCK_CAPTURE_AUTORELEASING = YES;
				CLANG_WARN_BOOL_CONVERSION = YES;
				CLANG_WARN_COMMA = YES;
				CLANG_WARN_CONSTANT_CONVERSION = YES;
				CLANG_WARN_DEPRECATED_OBJC_IMPLEMENTATIONS = YES;
				CLANG_WARN_DIRECT_OBJC_ISA_USAGE = YES_ERROR;
				CLANG_WARN_DOCUMENTATION_COMMENTS = YES;
				CLANG_WARN_EMPTY_BODY = YES;
				CLANG_WARN_ENUM_CONVERSION = YES;
				CLANG_WARN_INFINITE_RECURSION = YES;
				CLANG_WARN_INT_CONVERSION = YES;
				CLANG_WARN_NON_LITERAL_NULL_CONVERSION = YES;
				CLANG_WARN_OBJC_IMPLICIT_RETAIN_SELF = YES;
				CLANG_WARN_OBJC_LITERAL_CONVERSION = YES;
				CLANG_WARN_OBJC_ROOT_CLASS = YES_ERROR;
				CLANG_WARN_RANGE_LOOP_ANALYSIS = YES;
				CLANG_WARN_STRICT_PROTOTYPES = YES;
				CLANG_WARN_SUSPICIOUS_MOVE = YES;
				CLANG_WARN_UNGUARDED_AVAILABILITY = YES_AGGRESSIVE;
				CLANG_WARN_UNREACHABLE_CODE = YES;
				CLANG_WARN__DUPLICATE_METHOD_MATCH = YES;
				COPY_PHASE_STRIP = NO;
				DEBUG_INFORMATION_FORMAT = dwarf;
				ENABLE_STRICT_OBJC_MSGSEND = YES;
				ENABLE_TESTABILITY = YES;
				GCC_C_LANGUAGE_STANDARD = gnu11;
				GCC_DYNAMIC_NO_PIC = NO;
				GCC_NO_COMMON_BLOCKS = YES;
				GCC_OPTIMIZATION_LEVEL = 0;
				GCC_PREPROCESSOR_DEFINITIONS = (
					"DEBUG=1",
					"$(inherited)",
				);
				GCC_WARN_64_TO_32_BIT_CONVERSION = YES;
				GCC_WARN_ABOUT_RETURN_TYPE = YES_ERROR;
				GCC_WARN_UNDECLARED_SELECTOR = YES;
				GCC_WARN_UNINITIALIZED_AUTOS = YES_AGGRESSIVE;
				GCC_WARN_UNUSED_FUNCTION = YES;
				GCC_WARN_UNUSED_VARIABLE = YES;
				IPHONEOS_DEPLOYMENT_TARGET = 13.5;
				MTL_ENABLE_DEBUG_INFO = INCLUDE_SOURCE;
				MTL_FAST_MATH = YES;
				ONLY_ACTIVE_ARCH = YES;
				SDKROOT = iphoneos;
				SWIFT_ACTIVE_COMPILATION_CONDITIONS = DEBUG;
				SWIFT_OPTIMIZATION_LEVEL = "-Onone";
			};
			name = Debug;
		};
		2CEB09E124ABFECC0069F4D9 /* Release */ = {
			isa = XCBuildConfiguration;
			buildSettings = {
				ALWAYS_SEARCH_USER_PATHS = NO;
				CLANG_ANALYZER_NONNULL = YES;
				CLANG_ANALYZER_NUMBER_OBJECT_CONVERSION = YES_AGGRESSIVE;
				CLANG_CXX_LANGUAGE_STANDARD = "gnu++14";
				CLANG_CXX_LIBRARY = "libc++";
				CLANG_ENABLE_MODULES = YES;
				CLANG_ENABLE_OBJC_ARC = YES;
				CLANG_ENABLE_OBJC_WEAK = YES;
				CLANG_WARN_BLOCK_CAPTURE_AUTORELEASING = YES;
				CLANG_WARN_BOOL_CONVERSION = YES;
				CLANG_WARN_COMMA = YES;
				CLANG_WARN_CONSTANT_CONVERSION = YES;
				CLANG_WARN_DEPRECATED_OBJC_IMPLEMENTATIONS = YES;
				CLANG_WARN_DIRECT_OBJC_ISA_USAGE = YES_ERROR;
				CLANG_WARN_DOCUMENTATION_COMMENTS = YES;
				CLANG_WARN_EMPTY_BODY = YES;
				CLANG_WARN_ENUM_CONVERSION = YES;
				CLANG_WARN_INFINITE_RECURSION = YES;
				CLANG_WARN_INT_CONVERSION = YES;
				CLANG_WARN_NON_LITERAL_NULL_CONVERSION = YES;
				CLANG_WARN_OBJC_IMPLICIT_RETAIN_SELF = YES;
				CLANG_WARN_OBJC_LITERAL_CONVERSION = YES;
				CLANG_WARN_OBJC_ROOT_CLASS = YES_ERROR;
				CLANG_WARN_RANGE_LOOP_ANALYSIS = YES;
				CLANG_WARN_STRICT_PROTOTYPES = YES;
				CLANG_WARN_SUSPICIOUS_MOVE = YES;
				CLANG_WARN_UNGUARDED_AVAILABILITY = YES_AGGRESSIVE;
				CLANG_WARN_UNREACHABLE_CODE = YES;
				CLANG_WARN__DUPLICATE_METHOD_MATCH = YES;
				COPY_PHASE_STRIP = NO;
				DEBUG_INFORMATION_FORMAT = "dwarf-with-dsym";
				ENABLE_NS_ASSERTIONS = NO;
				ENABLE_STRICT_OBJC_MSGSEND = YES;
				GCC_C_LANGUAGE_STANDARD = gnu11;
				GCC_NO_COMMON_BLOCKS = YES;
				GCC_WARN_64_TO_32_BIT_CONVERSION = YES;
				GCC_WARN_ABOUT_RETURN_TYPE = YES_ERROR;
				GCC_WARN_UNDECLARED_SELECTOR = YES;
				GCC_WARN_UNINITIALIZED_AUTOS = YES_AGGRESSIVE;
				GCC_WARN_UNUSED_FUNCTION = YES;
				GCC_WARN_UNUSED_VARIABLE = YES;
				IPHONEOS_DEPLOYMENT_TARGET = 13.5;
				MTL_ENABLE_DEBUG_INFO = NO;
				MTL_FAST_MATH = YES;
				SDKROOT = iphoneos;
				SWIFT_COMPILATION_MODE = wholemodule;
				SWIFT_OPTIMIZATION_LEVEL = "-O";
				VALIDATE_PRODUCT = YES;
			};
			name = Release;
		};
		2CEB09E324ABFECC0069F4D9 /* Debug */ = {
			isa = XCBuildConfiguration;
			buildSettings = {
				ASSETCATALOG_COMPILER_APPICON_NAME = AppIcon;
				CODE_SIGN_STYLE = Automatic;
				DEVELOPMENT_ASSET_PATHS = "\"Memorize/Preview Content\"";
				DEVELOPMENT_TEAM = BXA8RWBK8H;
				ENABLE_PREVIEWS = YES;
				INFOPLIST_FILE = Memorize/Info.plist;
				LD_RUNPATH_SEARCH_PATHS = (
					"$(inherited)",
					"@executable_path/Frameworks",
				);
				PRODUCT_BUNDLE_IDENTIFIER = io.github.marcusadriano.Memorize;
				PRODUCT_NAME = "$(TARGET_NAME)";
				SWIFT_VERSION = 5.0;
				TARGETED_DEVICE_FAMILY = "1,2";
			};
			name = Debug;
		};
		2CEB09E424ABFECC0069F4D9 /* Release */ = {
			isa = XCBuildConfiguration;
			buildSettings = {
				ASSETCATALOG_COMPILER_APPICON_NAME = AppIcon;
				CODE_SIGN_STYLE = Automatic;
				DEVELOPMENT_ASSET_PATHS = "\"Memorize/Preview Content\"";
				DEVELOPMENT_TEAM = BXA8RWBK8H;
				ENABLE_PREVIEWS = YES;
				INFOPLIST_FILE = Memorize/Info.plist;
				LD_RUNPATH_SEARCH_PATHS = (
					"$(inherited)",
					"@executable_path/Frameworks",
				);
				PRODUCT_BUNDLE_IDENTIFIER = io.github.marcusadriano.Memorize;
				PRODUCT_NAME = "$(TARGET_NAME)";
				SWIFT_VERSION = 5.0;
				TARGETED_DEVICE_FAMILY = "1,2";
			};
			name = Release;
		};
		2CEB09E624ABFECC0069F4D9 /* Debug */ = {
			isa = XCBuildConfiguration;
			buildSettings = {
				ALWAYS_EMBED_SWIFT_STANDARD_LIBRARIES = YES;
				BUNDLE_LOADER = "$(TEST_HOST)";
				CODE_SIGN_STYLE = Automatic;
				DEVELOPMENT_TEAM = BXA8RWBK8H;
				INFOPLIST_FILE = MemorizeTests/Info.plist;
				IPHONEOS_DEPLOYMENT_TARGET = 13.5;
				LD_RUNPATH_SEARCH_PATHS = (
					"$(inherited)",
					"@executable_path/Frameworks",
					"@loader_path/Frameworks",
				);
				PRODUCT_BUNDLE_IDENTIFIER = io.github.marcusadriano.MemorizeTests;
				PRODUCT_NAME = "$(TARGET_NAME)";
				SWIFT_VERSION = 5.0;
				TARGETED_DEVICE_FAMILY = "1,2";
				TEST_HOST = "$(BUILT_PRODUCTS_DIR)/Memorize.app/Memorize";
			};
			name = Debug;
		};
		2CEB09E724ABFECC0069F4D9 /* Release */ = {
			isa = XCBuildConfiguration;
			buildSettings = {
				ALWAYS_EMBED_SWIFT_STANDARD_LIBRARIES = YES;
				BUNDLE_LOADER = "$(TEST_HOST)";
				CODE_SIGN_STYLE = Automatic;
				DEVELOPMENT_TEAM = BXA8RWBK8H;
				INFOPLIST_FILE = MemorizeTests/Info.plist;
				IPHONEOS_DEPLOYMENT_TARGET = 13.5;
				LD_RUNPATH_SEARCH_PATHS = (
					"$(inherited)",
					"@executable_path/Frameworks",
					"@loader_path/Frameworks",
				);
				PRODUCT_BUNDLE_IDENTIFIER = io.github.marcusadriano.MemorizeTests;
				PRODUCT_NAME = "$(TARGET_NAME)";
				SWIFT_VERSION = 5.0;
				TARGETED_DEVICE_FAMILY = "1,2";
				TEST_HOST = "$(BUILT_PRODUCTS_DIR)/Memorize.app/Memorize";
			};
			name = Release;
		};
		2CEB09E924ABFECC0069F4D9 /* Debug */ = {
			isa = XCBuildConfiguration;
			buildSettings = {
				ALWAYS_EMBED_SWIFT_STANDARD_LIBRARIES = YES;
				CODE_SIGN_STYLE = Automatic;
				DEVELOPMENT_TEAM = BXA8RWBK8H;
				INFOPLIST_FILE = MemorizeUITests/Info.plist;
				LD_RUNPATH_SEARCH_PATHS = (
					"$(inherited)",
					"@executable_path/Frameworks",
					"@loader_path/Frameworks",
				);
				PRODUCT_BUNDLE_IDENTIFIER = io.github.marcusadriano.MemorizeUITests;
				PRODUCT_NAME = "$(TARGET_NAME)";
				SWIFT_VERSION = 5.0;
				TARGETED_DEVICE_FAMILY = "1,2";
				TEST_TARGET_NAME = Memorize;
			};
			name = Debug;
		};
		2CEB09EA24ABFECC0069F4D9 /* Release */ = {
			isa = XCBuildConfiguration;
			buildSettings = {
				ALWAYS_EMBED_SWIFT_STANDARD_LIBRARIES = YES;
				CODE_SIGN_STYLE = Automatic;
				DEVELOPMENT_TEAM = BXA8RWBK8H;
				INFOPLIST_FILE = MemorizeUITests/Info.plist;
				LD_RUNPATH_SEARCH_PATHS = (
					"$(inherited)",
					"@executable_path/Frameworks",
					"@loader_path/Frameworks",
				);
				PRODUCT_BUNDLE_IDENTIFIER = io.github.marcusadriano.MemorizeUITests;
				PRODUCT_NAME = "$(TARGET_NAME)";
				SWIFT_VERSION = 5.0;
				TARGETED_DEVICE_FAMILY = "1,2";
				TEST_TARGET_NAME = Memorize;
			};
			name = Release;
		};
/* End XCBuildConfiguration section */

/* Begin XCConfigurationList section */
		2CEB09B024ABFEC90069F4D9 /* Build configuration list for PBXProject "Memorize" */ = {
			isa = XCConfigurationList;
			buildConfigurations = (
				2CEB09E024ABFECC0069F4D9 /* Debug */,
				2CEB09E124ABFECC0069F4D9 /* Release */,
			);
			defaultConfigurationIsVisible = 0;
			defaultConfigurationName = Release;
		};
		2CEB09E224ABFECC0069F4D9 /* Build configuration list for PBXNativeTarget "Memorize" */ = {
			isa = XCConfigurationList;
			buildConfigurations = (
				2CEB09E324ABFECC0069F4D9 /* Debug */,
				2CEB09E424ABFECC0069F4D9 /* Release */,
			);
			defaultConfigurationIsVisible = 0;
			defaultConfigurationName = Release;
		};
		2CEB09E524ABFECC0069F4D9 /* Build configuration list for PBXNativeTarget "MemorizeTests" */ = {
			isa = XCConfigurationList;
			buildConfigurations = (
				2CEB09E624ABFECC0069F4D9 /* Debug */,
				2CEB09E724ABFECC0069F4D9 /* Release */,
			);
			defaultConfigurationIsVisible = 0;
			defaultConfigurationName = Release;
		};
		2CEB09E824ABFECC0069F4D9 /* Build configuration list for PBXNativeTarget "MemorizeUITests" */ = {
			isa = XCConfigurationList;
			buildConfigurations = (
				2CEB09E924ABFECC0069F4D9 /* Debug */,
				2CEB09EA24ABFECC0069F4D9 /* Release */,
			);
			defaultConfigurationIsVisible = 0;
			defaultConfigurationName = Release;
		};
/* End XCConfigurationList section */

/* Begin XCVersionGroup section */
		2CEB09BC24ABFEC90069F4D9 /* Memorize.xcdatamodeld */ = {
			isa = XCVersionGroup;
			children = (
				2CEB09BD24ABFEC90069F4D9 /* Memorize.xcdatamodel */,
			);
			currentVersion = 2CEB09BD24ABFEC90069F4D9 /* Memorize.xcdatamodel */;
			path = Memorize.xcdatamodeld;
			sourceTree = "<group>";
			versionGroupType = wrapper.xcdatamodel;
		};
/* End XCVersionGroup section */
	};
	rootObject = 2CEB09AD24ABFEC90069F4D9 /* Project object */;
}
